Microsoft Visual Studio Solution File, Format Version 12.00
# Visual Studio Version 17
VisualStudioVersion = 17.5.2.0
MinimumVisualStudioVersion = 10.0.40219.1
Project("{FAE04EC0-301F-11D3-BF4B-00C04F79EFBC}") = "HTTPRequestHeaderEcho", "HTTPRequestHeaderEcho.csproj", "{B51AB877-3533-8FAF-852A-3A9832A3B2F8}"
EndProject
Global
	GlobalSection(SolutionConfigurationPlatforms) = preSolution
		Debug|Any CPU = Debug|Any CPU
		Release|Any CPU = Release|Any CPU
	EndGlobalSection
	GlobalSection(ProjectConfigurationPlatforms) = postSolution
		{B51AB877-3533-8FAF-852A-3A9832A3B2F8}.Debug|Any CPU.ActiveCfg = Debug|Any CPU
		{B51AB877-3533-8FAF-852A-3A9832A3B2F8}.Debug|Any CPU.Build.0 = Debug|Any CPU
		{B51AB877-3533-8FAF-852A-3A9832A3B2F8}.Release|Any CPU.ActiveCfg = Release|Any CPU
		{B51AB877-3533-8FAF-852A-3A9832A3B2F8}.Release|Any CPU.Build.0 = Release|Any CPU
	EndGlobalSection
	GlobalSection(SolutionProperties) = preSolution
		HideSolutionNode = FALSE
	EndGlobalSection
	GlobalSection(ExtensibilityGlobals) = postSolution
		SolutionGuid = {3CB080CA-226B-426B-B26A-1D5A63EC8C7D}
	EndGlobalSection
EndGlobal
